
Microsoft Visual Studio Solution File, Format Version 12.00
Project("{FAE04EC0-301F-11D3-BF4B-00C04F79EFBC}") = "MapsterCard", "MapsterCard\MapsterCard.csproj", "{E13E3ED6-3413-4EFD-AF6F-748E1249920F}"
EndProject
Project("{2150E333-8FDC-42A3-9474-1A3956D46DE8}") = "Kisa", "Kisa", "{BB8C6A98-9014-4D12-A352-59A04306DB40}"
EndProject
Project("{2150E333-8FDC-42A3-9474-1A3956D46DE8}") = "Core", "Core", "{EDA58DAE-F996-4D5D-B266-653DE4C42359}"
EndProject
Project("{2150E333-8FDC-42A3-9474-1A3956D46DE8}") = "Infrastructure", "Infrastructure", "{66D3DF3A-2602-43A0-BC9E-79FBA6587D64}"
EndProject
Project("{2150E333-8FDC-42A3-9474-1A3956D46DE8}") = "Presentation", "Presentation", "{D9759252-BEEA-4881-93DB-193A6E0D65D2}"
EndProject
Project("{2150E333-8FDC-42A3-9474-1A3956D46DE8}") = "Test", "Test", "{86857209-0754-40E8-9ABF-A35B6DA49635}"
EndProject
Project("{FAE04EC0-301F-11D3-BF4B-00C04F79EFBC}") = "Kisa.Application", "Kisa.Application\Kisa.Application\Kisa.Application.csproj", "{D805A578-A366-40D8-82B5-3FC72EA3CC2E}"
EndProject
Project("{FAE04EC0-301F-11D3-BF4B-00C04F79EFBC}") = "Kisa.Domain", "Kisa.Domain\Kisa.Domain.csproj", "{DC7791B4-663B-4BE5-9DF0-A263809D778A}"
EndProject
Project("{FAE04EC0-301F-11D3-BF4B-00C04F79EFBC}") = "Kisa.Persistence", "Kisa.Persistence\Kisa.Persistence.csproj", "{3E1BD7AD-4C9D-4711-8F54-90D91E15B89F}"
EndProject
Project("{FAE04EC0-301F-11D3-BF4B-00C04F79EFBC}") = "Kisa.WebApi", "Kisa.WebApi\Kisa.WebApi.csproj", "{80A0F9E3-4254-4C22-873E-A0A012367CBB}"
EndProject
Project("{FAE04EC0-301F-11D3-BF4B-00C04F79EFBC}") = "Kisa.UnitTest", "Kisa.UnitTest\Kisa.UnitTest.csproj", "{45D91622-85C8-4AD7-AF10-48D268D2858E}"
EndProject
Global
	GlobalSection(SolutionConfigurationPlatforms) = preSolution
		Debug|Any CPU = Debug|Any CPU
		Release|Any CPU = Release|Any CPU
	EndGlobalSection
	GlobalSection(ProjectConfigurationPlatforms) = postSolution
		{E13E3ED6-3413-4EFD-AF6F-748E1249920F}.Debug|Any CPU.ActiveCfg = Debug|Any CPU
		{E13E3ED6-3413-4EFD-AF6F-748E1249920F}.Debug|Any CPU.Build.0 = Debug|Any CPU
		{E13E3ED6-3413-4EFD-AF6F-748E1249920F}.Release|Any CPU.ActiveCfg = Release|Any CPU
		{E13E3ED6-3413-4EFD-AF6F-748E1249920F}.Release|Any CPU.Build.0 = Release|Any CPU
		{D805A578-A366-40D8-82B5-3FC72EA3CC2E}.Debug|Any CPU.ActiveCfg = Debug|Any CPU
		{D805A578-A366-40D8-82B5-3FC72EA3CC2E}.Debug|Any CPU.Build.0 = Debug|Any CPU
		{D805A578-A366-40D8-82B5-3FC72EA3CC2E}.Release|Any CPU.ActiveCfg = Release|Any CPU
		{D805A578-A366-40D8-82B5-3FC72EA3CC2E}.Release|Any CPU.Build.0 = Release|Any CPU
		{DC7791B4-663B-4BE5-9DF0-A263809D778A}.Debug|Any CPU.ActiveCfg = Debug|Any CPU
		{DC7791B4-663B-4BE5-9DF0-A263809D778A}.Debug|Any CPU.Build.0 = Debug|Any CPU
		{DC7791B4-663B-4BE5-9DF0-A263809D778A}.Release|Any CPU.ActiveCfg = Release|Any CPU
		{DC7791B4-663B-4BE5-9DF0-A263809D778A}.Release|Any CPU.Build.0 = Release|Any CPU
		{3E1BD7AD-4C9D-4711-8F54-90D91E15B89F}.Debug|Any CPU.ActiveCfg = Debug|Any CPU
		{3E1BD7AD-4C9D-4711-8F54-90D91E15B89F}.Debug|Any CPU.Build.0 = Debug|Any CPU
		{3E1BD7AD-4C9D-4711-8F54-90D91E15B89F}.Release|Any CPU.ActiveCfg = Release|Any CPU
		{3E1BD7AD-4C9D-4711-8F54-90D91E15B89F}.Release|Any CPU.Build.0 = Release|Any CPU
		{80A0F9E3-4254-4C22-873E-A0A012367CBB}.Debug|Any CPU.ActiveCfg = Debug|Any CPU
		{80A0F9E3-4254-4C22-873E-A0A012367CBB}.Debug|Any CPU.Build.0 = Debug|Any CPU
		{80A0F9E3-4254-4C22-873E-A0A012367CBB}.Release|Any CPU.ActiveCfg = Release|Any CPU
		{80A0F9E3-4254-4C22-873E-A0A012367CBB}.Release|Any CPU.Build.0 = Release|Any CPU
		{45D91622-85C8-4AD7-AF10-48D268D2858E}.Debug|Any CPU.ActiveCfg = Debug|Any CPU
		{45D91622-85C8-4AD7-AF10-48D268D2858E}.Debug|Any CPU.Build.0 = Debug|Any CPU
		{45D91622-85C8-4AD7-AF10-48D268D2858E}.Release|Any CPU.ActiveCfg = Release|Any CPU
		{45D91622-85C8-4AD7-AF10-48D268D2858E}.Release|Any CPU.Build.0 = Release|Any CPU
	EndGlobalSection
	GlobalSection(NestedProjects) = preSolution
		{EDA58DAE-F996-4D5D-B266-653DE4C42359} = {BB8C6A98-9014-4D12-A352-59A04306DB40}
		{66D3DF3A-2602-43A0-BC9E-79FBA6587D64} = {BB8C6A98-9014-4D12-A352-59A04306DB40}
		{D9759252-BEEA-4881-93DB-193A6E0D65D2} = {BB8C6A98-9014-4D12-A352-59A04306DB40}
		{86857209-0754-40E8-9ABF-A35B6DA49635} = {BB8C6A98-9014-4D12-A352-59A04306DB40}
		{D805A578-A366-40D8-82B5-3FC72EA3CC2E} = {EDA58DAE-F996-4D5D-B266-653DE4C42359}
		{DC7791B4-663B-4BE5-9DF0-A263809D778A} = {EDA58DAE-F996-4D5D-B266-653DE4C42359}
		{3E1BD7AD-4C9D-4711-8F54-90D91E15B89F} = {66D3DF3A-2602-43A0-BC9E-79FBA6587D64}
		{80A0F9E3-4254-4C22-873E-A0A012367CBB} = {D9759252-BEEA-4881-93DB-193A6E0D65D2}
		{45D91622-85C8-4AD7-AF10-48D268D2858E} = {86857209-0754-40E8-9ABF-A35B6DA49635}
	EndGlobalSection
EndGlobal
