
Microsoft Visual Studio Solution File, Format Version 12.00
Project("{FAE04EC0-301F-11D3-BF4B-00C04F79EFBC}") = "MapsterCard", "MapsterCard\MapsterCard.csproj", "{E13E3ED6-3413-4EFD-AF6F-748E1249920F}"
EndProject
Project("{2150E333-8FDC-42A3-9474-1A3956D46DE8}") = "Kisa", "Kisa", "{BB8C6A98-9014-4D12-A352-59A04306DB40}"
EndProject
Project("{2150E333-8FDC-42A3-9474-1A3956D46DE8}") = "Core", "Core", "{EDA58DAE-F996-4D5D-B266-653DE4C42359}"
EndProject
Project("{2150E333-8FDC-42A3-9474-1A3956D46DE8}") = "Infrastructure", "Infrastructure", "{66D3DF3A-2602-43A0-BC9E-79FBA6587D64}"
EndProject
Project("{2150E333-8FDC-42A3-9474-1A3956D46DE8}") = "Presentation", "Presentation", "{D9759252-BEEA-4881-93DB-193A6E0D65D2}"
EndProject
Project("{2150E333-8FDC-42A3-9474-1A3956D46DE8}") = "Test", "Test", "{86857209-0754-40E8-9ABF-A35B6DA49635}"
EndProject
Project("{FAE04EC0-301F-11D3-BF4B-00C04F79EFBC}") = "Kisa.Domain", "Kisa.Domain\Kisa.Domain.csproj", "{DC7791B4-663B-4BE5-9DF0-A263809D778A}"
EndProject
Project("{FAE04EC0-301F-11D3-BF4B-00C04F79EFBC}") = "Kisa.Persistence", "Kisa.Persistence\Kisa.Persistence.csproj", "{3E1BD7AD-4C9D-4711-8F54-90D91E15B89F}"
EndProject
Project("{FAE04EC0-301F-11D3-BF4B-00C04F79EFBC}") = "Kisa.WebApi", "Kisa.WebApi\Kisa.WebApi.csproj", "{80A0F9E3-4254-4C22-873E-A0A012367CBB}"
EndProject
Project("{FAE04EC0-301F-11D3-BF4B-00C04F79EFBC}") = "Kisa.UnitTest", "Kisa.UnitTest\Kisa.UnitTest.csproj", "{45D91622-85C8-4AD7-AF10-48D268D2858E}"
EndProject
Project("{FAE04EC0-301F-11D3-BF4B-00C04F79EFBC}") = "Kisa.Application", "Kisa.Application\Kisa.Application.csproj", "{83B5264F-6042-4301-96FD-C0C7DB18C172}"
EndProject
Project("{2150E333-8FDC-42A3-9474-1A3956D46DE8}") = "Shklift", "Shklift", "{97EF8024-DEF5-4C93-A3DF-89C29FEA92BA}"
EndProject
Project("{2150E333-8FDC-42A3-9474-1A3956D46DE8}") = "Core", "Core", "{9B5A4222-AF56-4EF1-8817-D1AD13DACED6}"
EndProject
Project("{2150E333-8FDC-42A3-9474-1A3956D46DE8}") = "Infrastructure", "Infrastructure", "{4844EF23-3B5B-40F8-A811-1986577A559F}"
EndProject
Project("{2150E333-8FDC-42A3-9474-1A3956D46DE8}") = "Presentation", "Presentation", "{5E62B65D-3A6D-43BE-ACE0-8131F3941B54}"
EndProject
Project("{2150E333-8FDC-42A3-9474-1A3956D46DE8}") = "Test", "Test", "{9EB65E5B-01F3-42B0-9724-A27CF2A604D2}"
EndProject
Project("{FAE04EC0-301F-11D3-BF4B-00C04F79EFBC}") = "Shklift.Domain", "Shklift\Shklift.Domain\Shklift.Domain.csproj", "{A11C6DA7-3F1A-4825-B91D-F34888DCD640}"
EndProject
Project("{FAE04EC0-301F-11D3-BF4B-00C04F79EFBC}") = "Shklift.Application", "Shklift\Shklift.Application\Shklift.Application.csproj", "{72FB56B5-7219-4C92-B5C0-E1AA229AA760}"
EndProject
Project("{FAE04EC0-301F-11D3-BF4B-00C04F79EFBC}") = "Shklift.Persistence", "Shklift\Shklift.Persistence\Shklift.Persistence.csproj", "{0DBC186B-4FED-4418-A674-3A07A103FFF2}"
EndProject
Project("{FAE04EC0-301F-11D3-BF4B-00C04F79EFBC}") = "Shklift.WebApi", "Shklift\Shklift.WebApi\Shklift.WebApi.csproj", "{2BDAAE0D-E3C8-4AA2-AB43-5D00CCCB8DC3}"
EndProject
Project("{FAE04EC0-301F-11D3-BF4B-00C04F79EFBC}") = "Shklift.UnitTest", "Shklift\Shklift.UnitTest\Shklift.UnitTest.csproj", "{95E84681-2BA0-4105-80F3-419DFB9F1163}"
EndProject
Project("{2150E333-8FDC-42A3-9474-1A3956D46DE8}") = "ChumakBank", "ChumakBank", "{12B9DD2D-75B5-4A11-8612-1EE9F5400CBA}"
EndProject
Project("{2150E333-8FDC-42A3-9474-1A3956D46DE8}") = "Core", "Core", "{102C465A-FE39-4941-8DDB-AB92DCA49F01}"
EndProject
Project("{2150E333-8FDC-42A3-9474-1A3956D46DE8}") = "Infrastructure", "Infrastructure", "{4D9FAE05-0D5E-4777-A29A-D423D6307020}"
EndProject
Project("{2150E333-8FDC-42A3-9474-1A3956D46DE8}") = "Presentation", "Presentation", "{5E854EB0-E9AD-44DA-BBAC-9D3C12AE695E}"
EndProject
Project("{2150E333-8FDC-42A3-9474-1A3956D46DE8}") = "Test", "Test", "{02D5D41B-342A-40F8-8946-BAF850FB4F80}"
EndProject
Project("{FAE04EC0-301F-11D3-BF4B-00C04F79EFBC}") = "ChumakBank.Domain", "ChumakBank.Domain\ChumakBank.Domain.csproj", "{2A7D627E-75E0-4B1B-B262-BD1737251EAC}"
EndProject
Project("{FAE04EC0-301F-11D3-BF4B-00C04F79EFBC}") = "ChumakBank.Application", "ChumakBank.Application\ChumakBank.Application.csproj", "{05B17005-168E-40D9-B431-4CB89933CA3D}"
EndProject
Project("{FAE04EC0-301F-11D3-BF4B-00C04F79EFBC}") = "ChumakBank.Persistence", "ChumakBank.Persistence\ChumakBank.Persistence.csproj", "{0E0C8B51-450F-4920-BB7E-71EB34659751}"
EndProject
Project("{FAE04EC0-301F-11D3-BF4B-00C04F79EFBC}") = "ChumakBank.WebApi", "ChumakBank.WebApi\ChumakBank.WebApi.csproj", "{C9B28ECC-F3FD-45E8-ADB7-F0EDD1308C52}"
EndProject
Project("{FAE04EC0-301F-11D3-BF4B-00C04F79EFBC}") = "ChumakBank.Test", "ChumakBank.Test\ChumakBank.Test.csproj", "{2D1579C3-87F1-49FF-9273-7B902D734765}"
EndProject
Global
	GlobalSection(SolutionConfigurationPlatforms) = preSolution
		Debug|Any CPU = Debug|Any CPU
		Release|Any CPU = Release|Any CPU
	EndGlobalSection
	GlobalSection(ProjectConfigurationPlatforms) = postSolution
		{E13E3ED6-3413-4EFD-AF6F-748E1249920F}.Debug|Any CPU.ActiveCfg = Debug|Any CPU
		{E13E3ED6-3413-4EFD-AF6F-748E1249920F}.Debug|Any CPU.Build.0 = Debug|Any CPU
		{E13E3ED6-3413-4EFD-AF6F-748E1249920F}.Release|Any CPU.ActiveCfg = Release|Any CPU
		{E13E3ED6-3413-4EFD-AF6F-748E1249920F}.Release|Any CPU.Build.0 = Release|Any CPU
		{DC7791B4-663B-4BE5-9DF0-A263809D778A}.Debug|Any CPU.ActiveCfg = Debug|Any CPU
		{DC7791B4-663B-4BE5-9DF0-A263809D778A}.Debug|Any CPU.Build.0 = Debug|Any CPU
		{DC7791B4-663B-4BE5-9DF0-A263809D778A}.Release|Any CPU.ActiveCfg = Release|Any CPU
		{DC7791B4-663B-4BE5-9DF0-A263809D778A}.Release|Any CPU.Build.0 = Release|Any CPU
		{3E1BD7AD-4C9D-4711-8F54-90D91E15B89F}.Debug|Any CPU.ActiveCfg = Debug|Any CPU
		{3E1BD7AD-4C9D-4711-8F54-90D91E15B89F}.Debug|Any CPU.Build.0 = Debug|Any CPU
		{3E1BD7AD-4C9D-4711-8F54-90D91E15B89F}.Release|Any CPU.ActiveCfg = Release|Any CPU
		{3E1BD7AD-4C9D-4711-8F54-90D91E15B89F}.Release|Any CPU.Build.0 = Release|Any CPU
		{80A0F9E3-4254-4C22-873E-A0A012367CBB}.Debug|Any CPU.ActiveCfg = Debug|Any CPU
		{80A0F9E3-4254-4C22-873E-A0A012367CBB}.Debug|Any CPU.Build.0 = Debug|Any CPU
		{80A0F9E3-4254-4C22-873E-A0A012367CBB}.Release|Any CPU.ActiveCfg = Release|Any CPU
		{80A0F9E3-4254-4C22-873E-A0A012367CBB}.Release|Any CPU.Build.0 = Release|Any CPU
		{45D91622-85C8-4AD7-AF10-48D268D2858E}.Debug|Any CPU.ActiveCfg = Debug|Any CPU
		{45D91622-85C8-4AD7-AF10-48D268D2858E}.Debug|Any CPU.Build.0 = Debug|Any CPU
		{45D91622-85C8-4AD7-AF10-48D268D2858E}.Release|Any CPU.ActiveCfg = Release|Any CPU
		{45D91622-85C8-4AD7-AF10-48D268D2858E}.Release|Any CPU.Build.0 = Release|Any CPU
		{83B5264F-6042-4301-96FD-C0C7DB18C172}.Debug|Any CPU.ActiveCfg = Debug|Any CPU
		{83B5264F-6042-4301-96FD-C0C7DB18C172}.Debug|Any CPU.Build.0 = Debug|Any CPU
		{83B5264F-6042-4301-96FD-C0C7DB18C172}.Release|Any CPU.ActiveCfg = Release|Any CPU
		{83B5264F-6042-4301-96FD-C0C7DB18C172}.Release|Any CPU.Build.0 = Release|Any CPU
		{A11C6DA7-3F1A-4825-B91D-F34888DCD640}.Debug|Any CPU.ActiveCfg = Debug|Any CPU
		{A11C6DA7-3F1A-4825-B91D-F34888DCD640}.Debug|Any CPU.Build.0 = Debug|Any CPU
		{A11C6DA7-3F1A-4825-B91D-F34888DCD640}.Release|Any CPU.ActiveCfg = Release|Any CPU
		{A11C6DA7-3F1A-4825-B91D-F34888DCD640}.Release|Any CPU.Build.0 = Release|Any CPU
		{72FB56B5-7219-4C92-B5C0-E1AA229AA760}.Debug|Any CPU.ActiveCfg = Debug|Any CPU
		{72FB56B5-7219-4C92-B5C0-E1AA229AA760}.Debug|Any CPU.Build.0 = Debug|Any CPU
		{72FB56B5-7219-4C92-B5C0-E1AA229AA760}.Release|Any CPU.ActiveCfg = Release|Any CPU
		{72FB56B5-7219-4C92-B5C0-E1AA229AA760}.Release|Any CPU.Build.0 = Release|Any CPU
		{0DBC186B-4FED-4418-A674-3A07A103FFF2}.Debug|Any CPU.ActiveCfg = Debug|Any CPU
		{0DBC186B-4FED-4418-A674-3A07A103FFF2}.Debug|Any CPU.Build.0 = Debug|Any CPU
		{0DBC186B-4FED-4418-A674-3A07A103FFF2}.Release|Any CPU.ActiveCfg = Release|Any CPU
		{0DBC186B-4FED-4418-A674-3A07A103FFF2}.Release|Any CPU.Build.0 = Release|Any CPU
		{2BDAAE0D-E3C8-4AA2-AB43-5D00CCCB8DC3}.Debug|Any CPU.ActiveCfg = Debug|Any CPU
		{2BDAAE0D-E3C8-4AA2-AB43-5D00CCCB8DC3}.Debug|Any CPU.Build.0 = Debug|Any CPU
		{2BDAAE0D-E3C8-4AA2-AB43-5D00CCCB8DC3}.Release|Any CPU.ActiveCfg = Release|Any CPU
		{2BDAAE0D-E3C8-4AA2-AB43-5D00CCCB8DC3}.Release|Any CPU.Build.0 = Release|Any CPU
		{95E84681-2BA0-4105-80F3-419DFB9F1163}.Debug|Any CPU.ActiveCfg = Debug|Any CPU
		{95E84681-2BA0-4105-80F3-419DFB9F1163}.Debug|Any CPU.Build.0 = Debug|Any CPU
		{95E84681-2BA0-4105-80F3-419DFB9F1163}.Release|Any CPU.ActiveCfg = Release|Any CPU
		{95E84681-2BA0-4105-80F3-419DFB9F1163}.Release|Any CPU.Build.0 = Release|Any CPU
		{2A7D627E-75E0-4B1B-B262-BD1737251EAC}.Debug|Any CPU.ActiveCfg = Debug|Any CPU
		{2A7D627E-75E0-4B1B-B262-BD1737251EAC}.Debug|Any CPU.Build.0 = Debug|Any CPU
		{2A7D627E-75E0-4B1B-B262-BD1737251EAC}.Release|Any CPU.ActiveCfg = Release|Any CPU
		{2A7D627E-75E0-4B1B-B262-BD1737251EAC}.Release|Any CPU.Build.0 = Release|Any CPU
		{05B17005-168E-40D9-B431-4CB89933CA3D}.Debug|Any CPU.ActiveCfg = Debug|Any CPU
		{05B17005-168E-40D9-B431-4CB89933CA3D}.Debug|Any CPU.Build.0 = Debug|Any CPU
		{05B17005-168E-40D9-B431-4CB89933CA3D}.Release|Any CPU.ActiveCfg = Release|Any CPU
		{05B17005-168E-40D9-B431-4CB89933CA3D}.Release|Any CPU.Build.0 = Release|Any CPU
		{0E0C8B51-450F-4920-BB7E-71EB34659751}.Debug|Any CPU.ActiveCfg = Debug|Any CPU
		{0E0C8B51-450F-4920-BB7E-71EB34659751}.Debug|Any CPU.Build.0 = Debug|Any CPU
		{0E0C8B51-450F-4920-BB7E-71EB34659751}.Release|Any CPU.ActiveCfg = Release|Any CPU
		{0E0C8B51-450F-4920-BB7E-71EB34659751}.Release|Any CPU.Build.0 = Release|Any CPU
		{C9B28ECC-F3FD-45E8-ADB7-F0EDD1308C52}.Debug|Any CPU.ActiveCfg = Debug|Any CPU
		{C9B28ECC-F3FD-45E8-ADB7-F0EDD1308C52}.Debug|Any CPU.Build.0 = Debug|Any CPU
		{C9B28ECC-F3FD-45E8-ADB7-F0EDD1308C52}.Release|Any CPU.ActiveCfg = Release|Any CPU
		{C9B28ECC-F3FD-45E8-ADB7-F0EDD1308C52}.Release|Any CPU.Build.0 = Release|Any CPU
		{2D1579C3-87F1-49FF-9273-7B902D734765}.Debug|Any CPU.ActiveCfg = Debug|Any CPU
		{2D1579C3-87F1-49FF-9273-7B902D734765}.Debug|Any CPU.Build.0 = Debug|Any CPU
		{2D1579C3-87F1-49FF-9273-7B902D734765}.Release|Any CPU.ActiveCfg = Release|Any CPU
		{2D1579C3-87F1-49FF-9273-7B902D734765}.Release|Any CPU.Build.0 = Release|Any CPU
	EndGlobalSection
	GlobalSection(NestedProjects) = preSolution
		{EDA58DAE-F996-4D5D-B266-653DE4C42359} = {BB8C6A98-9014-4D12-A352-59A04306DB40}
		{66D3DF3A-2602-43A0-BC9E-79FBA6587D64} = {BB8C6A98-9014-4D12-A352-59A04306DB40}
		{D9759252-BEEA-4881-93DB-193A6E0D65D2} = {BB8C6A98-9014-4D12-A352-59A04306DB40}
		{86857209-0754-40E8-9ABF-A35B6DA49635} = {BB8C6A98-9014-4D12-A352-59A04306DB40}
		{DC7791B4-663B-4BE5-9DF0-A263809D778A} = {EDA58DAE-F996-4D5D-B266-653DE4C42359}
		{3E1BD7AD-4C9D-4711-8F54-90D91E15B89F} = {66D3DF3A-2602-43A0-BC9E-79FBA6587D64}
		{80A0F9E3-4254-4C22-873E-A0A012367CBB} = {D9759252-BEEA-4881-93DB-193A6E0D65D2}
		{45D91622-85C8-4AD7-AF10-48D268D2858E} = {86857209-0754-40E8-9ABF-A35B6DA49635}
		{83B5264F-6042-4301-96FD-C0C7DB18C172} = {EDA58DAE-F996-4D5D-B266-653DE4C42359}
		{9B5A4222-AF56-4EF1-8817-D1AD13DACED6} = {97EF8024-DEF5-4C93-A3DF-89C29FEA92BA}
		{4844EF23-3B5B-40F8-A811-1986577A559F} = {97EF8024-DEF5-4C93-A3DF-89C29FEA92BA}
		{5E62B65D-3A6D-43BE-ACE0-8131F3941B54} = {97EF8024-DEF5-4C93-A3DF-89C29FEA92BA}
		{9EB65E5B-01F3-42B0-9724-A27CF2A604D2} = {97EF8024-DEF5-4C93-A3DF-89C29FEA92BA}
		{A11C6DA7-3F1A-4825-B91D-F34888DCD640} = {9B5A4222-AF56-4EF1-8817-D1AD13DACED6}
		{72FB56B5-7219-4C92-B5C0-E1AA229AA760} = {9B5A4222-AF56-4EF1-8817-D1AD13DACED6}
		{0DBC186B-4FED-4418-A674-3A07A103FFF2} = {4844EF23-3B5B-40F8-A811-1986577A559F}
		{2BDAAE0D-E3C8-4AA2-AB43-5D00CCCB8DC3} = {5E62B65D-3A6D-43BE-ACE0-8131F3941B54}
		{95E84681-2BA0-4105-80F3-419DFB9F1163} = {9EB65E5B-01F3-42B0-9724-A27CF2A604D2}
		{102C465A-FE39-4941-8DDB-AB92DCA49F01} = {12B9DD2D-75B5-4A11-8612-1EE9F5400CBA}
		{4D9FAE05-0D5E-4777-A29A-D423D6307020} = {12B9DD2D-75B5-4A11-8612-1EE9F5400CBA}
		{5E854EB0-E9AD-44DA-BBAC-9D3C12AE695E} = {12B9DD2D-75B5-4A11-8612-1EE9F5400CBA}
		{02D5D41B-342A-40F8-8946-BAF850FB4F80} = {12B9DD2D-75B5-4A11-8612-1EE9F5400CBA}
		{2A7D627E-75E0-4B1B-B262-BD1737251EAC} = {102C465A-FE39-4941-8DDB-AB92DCA49F01}
		{05B17005-168E-40D9-B431-4CB89933CA3D} = {102C465A-FE39-4941-8DDB-AB92DCA49F01}
		{0E0C8B51-450F-4920-BB7E-71EB34659751} = {4D9FAE05-0D5E-4777-A29A-D423D6307020}
		{C9B28ECC-F3FD-45E8-ADB7-F0EDD1308C52} = {5E854EB0-E9AD-44DA-BBAC-9D3C12AE695E}
		{2D1579C3-87F1-49FF-9273-7B902D734765} = {02D5D41B-342A-40F8-8946-BAF850FB4F80}
	EndGlobalSection
EndGlobal
